
Microsoft Visual Studio Solution File, Format Version 12.00
# Visual Studio Version 17
VisualStudioVersion = 17.0.31912.275
MinimumVisualStudioVersion = 10.0.40219.1
Project("{FAE04EC0-301F-11D3-BF4B-00C04F79EFBC}") = "DiscordBot", "DiscordBot\DiscordBot.csproj", "{3A6339D8-B902-464E-AE0B-B80632D22413}"
EndProject
Global
	GlobalSection(SolutionConfigurationPlatforms) = preSolution
		Debug|Any CPU = Debug|Any CPU
		Release|Any CPU = Release|Any CPU
	EndGlobalSection
	GlobalSection(ProjectConfigurationPlatforms) = postSolution
		{3A6339D8-B902-464E-AE0B-B80632D22413}.Debug|Any CPU.ActiveCfg = Debug|Any CPU
		{3A6339D8-B902-464E-AE0B-B80632D22413}.Debug|Any CPU.Build.0 = Debug|Any CPU
		{3A6339D8-B902-464E-AE0B-B80632D22413}.Release|Any CPU.ActiveCfg = Release|Any CPU
		{3A6339D8-B902-464E-AE0B-B80632D22413}.Release|Any CPU.Build.0 = Release|Any CPU
	EndGlobalSection
	GlobalSection(SolutionProperties) = preSolution
		HideSolutionNode = FALSE
	EndGlobalSection
	GlobalSection(ExtensibilityGlobals) = postSolution
		SolutionGuid = {BCB22341-1562-4858-A068-2D367E8EC199}
	EndGlobalSection
EndGlobal
